
Microsoft Visual Studio Solution File, Format Version 12.00
# Visual Studio Version 16
VisualStudioVersion = 16.0.31624.102
MinimumVisualStudioVersion = 10.0.40219.1
Project("{9A19103F-16F7-4668-BE54-9A1E7A4F7556}") = "NameSortingAlgorithm", "NameSortingAlgorithm\NameSortingAlgorithm.csproj", "{6FAE4F4B-5FE3-4E5B-8557-34DC6E50DE0B}"
EndProject
Project("{FAE04EC0-301F-11D3-BF4B-00C04F79EFBC}") = "NameSortingAlgorithm.UnitTests", "NameSortingAlgorithm.UnitTests\NameSortingAlgorithm.UnitTests.csproj", "{6802ED59-9B30-4A59-9B3D-7E41E91910CA}"
EndProject
Global
	GlobalSection(SolutionConfigurationPlatforms) = preSolution
		Debug|Any CPU = Debug|Any CPU
		Release|Any CPU = Release|Any CPU
	EndGlobalSection
	GlobalSection(ProjectConfigurationPlatforms) = postSolution
		{6FAE4F4B-5FE3-4E5B-8557-34DC6E50DE0B}.Debug|Any CPU.ActiveCfg = Debug|Any CPU
		{6FAE4F4B-5FE3-4E5B-8557-34DC6E50DE0B}.Debug|Any CPU.Build.0 = Debug|Any CPU
		{6FAE4F4B-5FE3-4E5B-8557-34DC6E50DE0B}.Release|Any CPU.ActiveCfg = Release|Any CPU
		{6FAE4F4B-5FE3-4E5B-8557-34DC6E50DE0B}.Release|Any CPU.Build.0 = Release|Any CPU
		{6802ED59-9B30-4A59-9B3D-7E41E91910CA}.Debug|Any CPU.ActiveCfg = Debug|Any CPU
		{6802ED59-9B30-4A59-9B3D-7E41E91910CA}.Debug|Any CPU.Build.0 = Debug|Any CPU
		{6802ED59-9B30-4A59-9B3D-7E41E91910CA}.Release|Any CPU.ActiveCfg = Release|Any CPU
		{6802ED59-9B30-4A59-9B3D-7E41E91910CA}.Release|Any CPU.Build.0 = Release|Any CPU
	EndGlobalSection
	GlobalSection(SolutionProperties) = preSolution
		HideSolutionNode = FALSE
	EndGlobalSection
	GlobalSection(ExtensibilityGlobals) = postSolution
		SolutionGuid = {6322E6A1-7A50-45BC-B263-A67E8E85FE74}
	EndGlobalSection
EndGlobal
